
Microsoft Visual Studio Solution File, Format Version 12.00
Project("{2150E333-8FDC-42A3-9474-1A3956D46DE8}") = "Host", "Host", "{0EA0AD4C-8320-433B-82ED-99E0F8C278F6}"
EndProject
Project("{FAE04EC0-301F-11D3-BF4B-00C04F79EFBC}") = "Host.WebApi", "src\Host.WebApi\Host.WebApi.csproj", "{85240B14-9DA7-4C54-B03E-5638E890DA53}"
EndProject
Project("{2150E333-8FDC-42A3-9474-1A3956D46DE8}") = "Catalog", "Catalog", "{6CAFC000-FC98-4C5F-AEFD-7047A55025F1}"
EndProject
Project("{2150E333-8FDC-42A3-9474-1A3956D46DE8}") = "Common", "Common", "{9164876B-045E-4986-870C-70F54605C1AC}"
EndProject
Project("{2150E333-8FDC-42A3-9474-1A3956D46DE8}") = "Infrastructure", "Infrastructure", "{B8DDA24B-CE67-4E56-A1E7-F1AEA1BFB259}"
EndProject
Project("{FAE04EC0-301F-11D3-BF4B-00C04F79EFBC}") = "Common.Application", "src\Common.Application\Common.Application.csproj", "{BBA91D75-15E1-4A7D-A1CA-8EB887ACEEFA}"
EndProject
Project("{FAE04EC0-301F-11D3-BF4B-00C04F79EFBC}") = "Infrastructure.Data", "src\Infrastructure.Data\Infrastructure.Data.csproj", "{94DD53B9-C694-4621-8225-DEC47176C1CC}"
EndProject
Project("{FAE04EC0-301F-11D3-BF4B-00C04F79EFBC}") = "Catalog.Domain", "src\Catalog.Domain\Catalog.Domain.csproj", "{812E2EBB-BE6B-4D12-B8A8-D3C685BF24F4}"
EndProject
Project("{FAE04EC0-301F-11D3-BF4B-00C04F79EFBC}") = "Catalog.Application", "src\Catalog.Application\Catalog.Application.csproj", "{14F2F667-FFB4-4A29-ADE9-46F72F84BDEB}"
EndProject
Project("{2150E333-8FDC-42A3-9474-1A3956D46DE8}") = "Tests", "Tests", "{D04CEA5C-63E9-4884-9EE4-80D764E781FD}"
EndProject
Project("{FAE04EC0-301F-11D3-BF4B-00C04F79EFBC}") = "Tamaplante.Tests", "test\Tamaplante.Tests\Tamaplante.Tests.csproj", "{B9FEA295-AC62-46E7-AF18-B27E873A144B}"
EndProject
Project("{FAE04EC0-301F-11D3-BF4B-00C04F79EFBC}") = "Tamaplante.IntegrationTests", "test\Tamaplante.IntegrationTests\Tamaplante.IntegrationTests.csproj", "{1E5DC579-8EB2-49A5-BD16-D542E890A202}"
EndProject
Global
	GlobalSection(SolutionConfigurationPlatforms) = preSolution
		Debug|Any CPU = Debug|Any CPU
		Release|Any CPU = Release|Any CPU
	EndGlobalSection
	GlobalSection(NestedProjects) = preSolution
		{85240B14-9DA7-4C54-B03E-5638E890DA53} = {0EA0AD4C-8320-433B-82ED-99E0F8C278F6}
		{BBA91D75-15E1-4A7D-A1CA-8EB887ACEEFA} = {9164876B-045E-4986-870C-70F54605C1AC}
		{94DD53B9-C694-4621-8225-DEC47176C1CC} = {B8DDA24B-CE67-4E56-A1E7-F1AEA1BFB259}
		{812E2EBB-BE6B-4D12-B8A8-D3C685BF24F4} = {6CAFC000-FC98-4C5F-AEFD-7047A55025F1}
		{14F2F667-FFB4-4A29-ADE9-46F72F84BDEB} = {6CAFC000-FC98-4C5F-AEFD-7047A55025F1}
		{B9FEA295-AC62-46E7-AF18-B27E873A144B} = {D04CEA5C-63E9-4884-9EE4-80D764E781FD}
		{1E5DC579-8EB2-49A5-BD16-D542E890A202} = {D04CEA5C-63E9-4884-9EE4-80D764E781FD}
	EndGlobalSection
	GlobalSection(ProjectConfigurationPlatforms) = postSolution
		{85240B14-9DA7-4C54-B03E-5638E890DA53}.Debug|Any CPU.ActiveCfg = Debug|Any CPU
		{85240B14-9DA7-4C54-B03E-5638E890DA53}.Debug|Any CPU.Build.0 = Debug|Any CPU
		{85240B14-9DA7-4C54-B03E-5638E890DA53}.Release|Any CPU.ActiveCfg = Release|Any CPU
		{85240B14-9DA7-4C54-B03E-5638E890DA53}.Release|Any CPU.Build.0 = Release|Any CPU
		{BBA91D75-15E1-4A7D-A1CA-8EB887ACEEFA}.Debug|Any CPU.ActiveCfg = Debug|Any CPU
		{BBA91D75-15E1-4A7D-A1CA-8EB887ACEEFA}.Debug|Any CPU.Build.0 = Debug|Any CPU
		{BBA91D75-15E1-4A7D-A1CA-8EB887ACEEFA}.Release|Any CPU.ActiveCfg = Release|Any CPU
		{BBA91D75-15E1-4A7D-A1CA-8EB887ACEEFA}.Release|Any CPU.Build.0 = Release|Any CPU
		{94DD53B9-C694-4621-8225-DEC47176C1CC}.Debug|Any CPU.ActiveCfg = Debug|Any CPU
		{94DD53B9-C694-4621-8225-DEC47176C1CC}.Debug|Any CPU.Build.0 = Debug|Any CPU
		{94DD53B9-C694-4621-8225-DEC47176C1CC}.Release|Any CPU.ActiveCfg = Release|Any CPU
		{94DD53B9-C694-4621-8225-DEC47176C1CC}.Release|Any CPU.Build.0 = Release|Any CPU
		{812E2EBB-BE6B-4D12-B8A8-D3C685BF24F4}.Debug|Any CPU.ActiveCfg = Debug|Any CPU
		{812E2EBB-BE6B-4D12-B8A8-D3C685BF24F4}.Debug|Any CPU.Build.0 = Debug|Any CPU
		{812E2EBB-BE6B-4D12-B8A8-D3C685BF24F4}.Release|Any CPU.ActiveCfg = Release|Any CPU
		{812E2EBB-BE6B-4D12-B8A8-D3C685BF24F4}.Release|Any CPU.Build.0 = Release|Any CPU
		{14F2F667-FFB4-4A29-ADE9-46F72F84BDEB}.Debug|Any CPU.ActiveCfg = Debug|Any CPU
		{14F2F667-FFB4-4A29-ADE9-46F72F84BDEB}.Debug|Any CPU.Build.0 = Debug|Any CPU
		{14F2F667-FFB4-4A29-ADE9-46F72F84BDEB}.Release|Any CPU.ActiveCfg = Release|Any CPU
		{14F2F667-FFB4-4A29-ADE9-46F72F84BDEB}.Release|Any CPU.Build.0 = Release|Any CPU
		{B9FEA295-AC62-46E7-AF18-B27E873A144B}.Debug|Any CPU.ActiveCfg = Debug|Any CPU
		{B9FEA295-AC62-46E7-AF18-B27E873A144B}.Debug|Any CPU.Build.0 = Debug|Any CPU
		{B9FEA295-AC62-46E7-AF18-B27E873A144B}.Release|Any CPU.ActiveCfg = Release|Any CPU
		{B9FEA295-AC62-46E7-AF18-B27E873A144B}.Release|Any CPU.Build.0 = Release|Any CPU
		{1E5DC579-8EB2-49A5-BD16-D542E890A202}.Debug|Any CPU.ActiveCfg = Debug|Any CPU
		{1E5DC579-8EB2-49A5-BD16-D542E890A202}.Debug|Any CPU.Build.0 = Debug|Any CPU
		{1E5DC579-8EB2-49A5-BD16-D542E890A202}.Release|Any CPU.ActiveCfg = Release|Any CPU
		{1E5DC579-8EB2-49A5-BD16-D542E890A202}.Release|Any CPU.Build.0 = Release|Any CPU
	EndGlobalSection
EndGlobal
